// !$*UTF8*$!
{
	archiveVersion = 1;
	classes = {
	};
	objectVersion = 46;
	objects = {

/* Begin PBXBuildFile section */
		358845BB6463E6B7BA3C486E /* Pods_YoutubeVideos.framework in Frameworks */ = {isa = PBXBuildFile; fileRef = C9FEE1BD223051498423A676 /* Pods_YoutubeVideos.framework */; };
		DA0FA3091D0C4AA60023F4E4 /* AppDelegate.swift in Sources */ = {isa = PBXBuildFile; fileRef = DA0FA3081D0C4AA60023F4E4 /* AppDelegate.swift */; };
		DA0FA3101D0C4AA60023F4E4 /* Assets.xcassets in Resources */ = {isa = PBXBuildFile; fileRef = DA0FA30F1D0C4AA60023F4E4 /* Assets.xcassets */; };
		DA0FA3131D0C4AA60023F4E4 /* LaunchScreen.storyboard in Resources */ = {isa = PBXBuildFile; fileRef = DA0FA3111D0C4AA60023F4E4 /* LaunchScreen.storyboard */; };
		DA0FA31E1D0C4AA60023F4E4 /* YoutubeVideosTests.swift in Sources */ = {isa = PBXBuildFile; fileRef = DA0FA31D1D0C4AA60023F4E4 /* YoutubeVideosTests.swift */; };
		DA0FA3291D0C4AA60023F4E4 /* YoutubeVideosUITests.swift in Sources */ = {isa = PBXBuildFile; fileRef = DA0FA3281D0C4AA60023F4E4 /* YoutubeVideosUITests.swift */; };
		DA0FA33A1D0E3D2F0023F4E4 /* Utils.swift in Sources */ = {isa = PBXBuildFile; fileRef = DA0FA3391D0E3D2F0023F4E4 /* Utils.swift */; };
		DA0FA33C1D0E44350023F4E4 /* PopOverView.xib in Resources */ = {isa = PBXBuildFile; fileRef = DA0FA33B1D0E44350023F4E4 /* PopOverView.xib */; };
		DA0FA33E1D0E4BBA0023F4E4 /* SortTableViewController.swift in Sources */ = {isa = PBXBuildFile; fileRef = DA0FA33D1D0E4BBA0023F4E4 /* SortTableViewController.swift */; };
		DA41E7A11D0CA18C00905675 /* VideoTableViewController.swift in Sources */ = {isa = PBXBuildFile; fileRef = DA41E7A01D0CA18C00905675 /* VideoTableViewController.swift */; };
		DA41E7A71D0CB19400905675 /* VideoTableViewCell.swift in Sources */ = {isa = PBXBuildFile; fileRef = DA41E7A61D0CB19400905675 /* VideoTableViewCell.swift */; };
		DA41E7A91D0DF5A900905675 /* NetworkManager.swift in Sources */ = {isa = PBXBuildFile; fileRef = DA41E7A81D0DF5A900905675 /* NetworkManager.swift */; };
		DA41E7AB1D0E03FE00905675 /* VideoModel.swift in Sources */ = {isa = PBXBuildFile; fileRef = DA41E7AA1D0E03FE00905675 /* VideoModel.swift */; };
		DAEFD5381D0E53BB00435ADF /* Main.storyboard in Resources */ = {isa = PBXBuildFile; fileRef = DAEFD5361D0E53BB00435ADF /* Main.storyboard */; };
/* End PBXBuildFile section */

/* Begin PBXContainerItemProxy section */
		DA0FA31A1D0C4AA60023F4E4 /* PBXContainerItemProxy */ = {
			isa = PBXContainerItemProxy;
			containerPortal = DA0FA2FD1D0C4AA60023F4E4 /* Project object */;
			proxyType = 1;
			remoteGlobalIDString = DA0FA3041D0C4AA60023F4E4;
			remoteInfo = YoutubeVideos;
		};
		DA0FA3251D0C4AA60023F4E4 /* PBXContainerItemProxy */ = {
			isa = PBXContainerItemProxy;
			containerPortal = DA0FA2FD1D0C4AA60023F4E4 /* Project object */;
			proxyType = 1;
			remoteGlobalIDString = DA0FA3041D0C4AA60023F4E4;
			remoteInfo = YoutubeVideos;
		};
/* End PBXContainerItemProxy section */

/* Begin PBXFileReference section */
		66727D11ACF0534E85D3D56E /* Pods-YoutubeVideos.release.xcconfig */ = {isa = PBXFileReference; includeInIndex = 1; lastKnownFileType = text.xcconfig; name = "Pods-YoutubeVideos.release.xcconfig"; path = "Pods/Target Support Files/Pods-YoutubeVideos/Pods-YoutubeVideos.release.xcconfig"; sourceTree = "<group>"; };
		69EF6F2764680558F706033A /* Pods-YoutubeVideos.debug.xcconfig */ = {isa = PBXFileReference; includeInIndex = 1; lastKnownFileType = text.xcconfig; name = "Pods-YoutubeVideos.debug.xcconfig"; path = "Pods/Target Support Files/Pods-YoutubeVideos/Pods-YoutubeVideos.debug.xcconfig"; sourceTree = "<group>"; };
		C9FEE1BD223051498423A676 /* Pods_YoutubeVideos.framework */ = {isa = PBXFileReference; explicitFileType = wrapper.framework; includeInIndex = 0; path = Pods_YoutubeVideos.framework; sourceTree = BUILT_PRODUCTS_DIR; };
		DA0FA3051D0C4AA60023F4E4 /* YoutubeVideos.app */ = {isa = PBXFileReference; explicitFileType = wrapper.application; includeInIndex = 0; path = YoutubeVideos.app; sourceTree = BUILT_PRODUCTS_DIR; };
		DA0FA3081D0C4AA60023F4E4 /* AppDelegate.swift */ = {isa = PBXFileReference; lastKnownFileType = sourcecode.swift; path = AppDelegate.swift; sourceTree = "<group>"; };
		DA0FA30F1D0C4AA60023F4E4 /* Assets.xcassets */ = {isa = PBXFileReference; lastKnownFileType = folder.assetcatalog; path = Assets.xcassets; sourceTree = "<group>"; };
		DA0FA3121D0C4AA60023F4E4 /* Base */ = {isa = PBXFileReference; lastKnownFileType = file.storyboard; name = Base; path = Base.lproj/LaunchScreen.storyboard; sourceTree = "<group>"; };
		DA0FA3141D0C4AA60023F4E4 /* Info.plist */ = {isa = PBXFileReference; lastKnownFileType = text.plist.xml; path = Info.plist; sourceTree = "<group>"; };
		DA0FA3191D0C4AA60023F4E4 /* YoutubeVideosTests.xctest */ = {isa = PBXFileReference; explicitFileType = wrapper.cfbundle; includeInIndex = 0; path = YoutubeVideosTests.xctest; sourceTree = BUILT_PRODUCTS_DIR; };
		DA0FA31D1D0C4AA60023F4E4 /* YoutubeVideosTests.swift */ = {isa = PBXFileReference; lastKnownFileType = sourcecode.swift; path = YoutubeVideosTests.swift; sourceTree = "<group>"; };
		DA0FA31F1D0C4AA60023F4E4 /* Info.plist */ = {isa = PBXFileReference; lastKnownFileType = text.plist.xml; path = Info.plist; sourceTree = "<group>"; };
		DA0FA3241D0C4AA60023F4E4 /* YoutubeVideosUITests.xctest */ = {isa = PBXFileReference; explicitFileType = wrapper.cfbundle; includeInIndex = 0; path = YoutubeVideosUITests.xctest; sourceTree = BUILT_PRODUCTS_DIR; };
		DA0FA3281D0C4AA60023F4E4 /* YoutubeVideosUITests.swift */ = {isa = PBXFileReference; lastKnownFileType = sourcecode.swift; path = YoutubeVideosUITests.swift; sourceTree = "<group>"; };
		DA0FA32A1D0C4AA60023F4E4 /* Info.plist */ = {isa = PBXFileReference; lastKnownFileType = text.plist.xml; path = Info.plist; sourceTree = "<group>"; };
		DA0FA3361D0C4DC50023F4E4 /* YoutubeVideos-Bridging-Header.h */ = {isa = PBXFileReference; lastKnownFileType = sourcecode.c.h; path = "YoutubeVideos-Bridging-Header.h"; sourceTree = "<group>"; };
		DA0FA3391D0E3D2F0023F4E4 /* Utils.swift */ = {isa = PBXFileReference; fileEncoding = 4; lastKnownFileType = sourcecode.swift; path = Utils.swift; sourceTree = "<group>"; };
		DA0FA33B1D0E44350023F4E4 /* PopOverView.xib */ = {isa = PBXFileReference; fileEncoding = 4; lastKnownFileType = file.xib; path = PopOverView.xib; sourceTree = "<group>"; };
		DA0FA33D1D0E4BBA0023F4E4 /* SortTableViewController.swift */ = {isa = PBXFileReference; fileEncoding = 4; lastKnownFileType = sourcecode.swift; path = SortTableViewController.swift; sourceTree = "<group>"; };
		DA41E7A01D0CA18C00905675 /* VideoTableViewController.swift */ = {isa = PBXFileReference; fileEncoding = 4; lastKnownFileType = sourcecode.swift; path = VideoTableViewController.swift; sourceTree = "<group>"; };
		DA41E7A61D0CB19400905675 /* VideoTableViewCell.swift */ = {isa = PBXFileReference; fileEncoding = 4; lastKnownFileType = sourcecode.swift; path = VideoTableViewCell.swift; sourceTree = "<group>"; };
		DA41E7A81D0DF5A900905675 /* NetworkManager.swift */ = {isa = PBXFileReference; fileEncoding = 4; lastKnownFileType = sourcecode.swift; path = NetworkManager.swift; sourceTree = "<group>"; };
		DA41E7AA1D0E03FE00905675 /* VideoModel.swift */ = {isa = PBXFileReference; fileEncoding = 4; lastKnownFileType = sourcecode.swift; path = VideoModel.swift; sourceTree = "<group>"; };
		DAEFD5371D0E53BB00435ADF /* Base */ = {isa = PBXFileReference; lastKnownFileType = file.storyboard; name = Base; path = Base.lproj/Main.storyboard; sourceTree = "<group>"; };
/* End PBXFileReference section */

/* Begin PBXFrameworksBuildPhase section */
		DA0FA3021D0C4AA60023F4E4 /* Frameworks */ = {
			isa = PBXFrameworksBuildPhase;
			buildActionMask = 2147483647;
			files = (
				358845BB6463E6B7BA3C486E /* Pods_YoutubeVideos.framework in Frameworks */,
			);
			runOnlyForDeploymentPostprocessing = 0;
		};
		DA0FA3161D0C4AA60023F4E4 /* Frameworks */ = {
			isa = PBXFrameworksBuildPhase;
			buildActionMask = 2147483647;
			files = (
			);
			runOnlyForDeploymentPostprocessing = 0;
		};
		DA0FA3211D0C4AA60023F4E4 /* Frameworks */ = {
			isa = PBXFrameworksBuildPhase;
			buildActionMask = 2147483647;
			files = (
			);
			runOnlyForDeploymentPostprocessing = 0;
		};
/* End PBXFrameworksBuildPhase section */

/* Begin PBXGroup section */
		2BEF44F30AB8838C872DCEC5 /* Frameworks */ = {
			isa = PBXGroup;
			children = (
				C9FEE1BD223051498423A676 /* Pods_YoutubeVideos.framework */,
			);
			name = Frameworks;
			sourceTree = "<group>";
		};
		5746B01FD8B85188E484D1D5 /* Pods */ = {
			isa = PBXGroup;
			children = (
				69EF6F2764680558F706033A /* Pods-YoutubeVideos.debug.xcconfig */,
				66727D11ACF0534E85D3D56E /* Pods-YoutubeVideos.release.xcconfig */,
			);
			name = Pods;
			sourceTree = "<group>";
		};
		DA0FA2FC1D0C4AA60023F4E4 = {
			isa = PBXGroup;
			children = (
				DA0FA3071D0C4AA60023F4E4 /* YoutubeVideos */,
				DA0FA31C1D0C4AA60023F4E4 /* YoutubeVideosTests */,
				DA0FA3271D0C4AA60023F4E4 /* YoutubeVideosUITests */,
				DA0FA3061D0C4AA60023F4E4 /* Products */,
				5746B01FD8B85188E484D1D5 /* Pods */,
				2BEF44F30AB8838C872DCEC5 /* Frameworks */,
			);
			sourceTree = "<group>";
		};
		DA0FA3061D0C4AA60023F4E4 /* Products */ = {
			isa = PBXGroup;
			children = (
				DA0FA3051D0C4AA60023F4E4 /* YoutubeVideos.app */,
				DA0FA3191D0C4AA60023F4E4 /* YoutubeVideosTests.xctest */,
				DA0FA3241D0C4AA60023F4E4 /* YoutubeVideosUITests.xctest */,
			);
			name = Products;
			sourceTree = "<group>";
		};
		DA0FA3071D0C4AA60023F4E4 /* YoutubeVideos */ = {
			isa = PBXGroup;
			children = (
				DAEFD5361D0E53BB00435ADF /* Main.storyboard */,
				DA0FA3081D0C4AA60023F4E4 /* AppDelegate.swift */,
				DA41E7A01D0CA18C00905675 /* VideoTableViewController.swift */,
				DA0FA30F1D0C4AA60023F4E4 /* Assets.xcassets */,
				DA0FA3111D0C4AA60023F4E4 /* LaunchScreen.storyboard */,
				DA0FA3141D0C4AA60023F4E4 /* Info.plist */,
				DA0FA3361D0C4DC50023F4E4 /* YoutubeVideos-Bridging-Header.h */,
				DA41E7A61D0CB19400905675 /* VideoTableViewCell.swift */,
				DA41E7A81D0DF5A900905675 /* NetworkManager.swift */,
				DA41E7AA1D0E03FE00905675 /* VideoModel.swift */,
				DA0FA3391D0E3D2F0023F4E4 /* Utils.swift */,
				DA0FA33B1D0E44350023F4E4 /* PopOverView.xib */,
				DA0FA33D1D0E4BBA0023F4E4 /* SortTableViewController.swift */,
			);
			path = YoutubeVideos;
			sourceTree = "<group>";
		};
		DA0FA31C1D0C4AA60023F4E4 /* YoutubeVideosTests */ = {
			isa = PBXGroup;
			children = (
				DA0FA31D1D0C4AA60023F4E4 /* YoutubeVideosTests.swift */,
				DA0FA31F1D0C4AA60023F4E4 /* Info.plist */,
			);
			path = YoutubeVideosTests;
			sourceTree = "<group>";
		};
		DA0FA3271D0C4AA60023F4E4 /* YoutubeVideosUITests */ = {
			isa = PBXGroup;
			children = (
				DA0FA3281D0C4AA60023F4E4 /* YoutubeVideosUITests.swift */,
				DA0FA32A1D0C4AA60023F4E4 /* Info.plist */,
			);
			path = YoutubeVideosUITests;
			sourceTree = "<group>";
		};
/* End PBXGroup section */

/* Begin PBXNativeTarget section */
		DA0FA3041D0C4AA60023F4E4 /* YoutubeVideos */ = {
			isa = PBXNativeTarget;
			buildConfigurationList = DA0FA32D1D0C4AA60023F4E4 /* Build configuration list for PBXNativeTarget "YoutubeVideos" */;
			buildPhases = (
				48E0046FD21211946D4C47C1 /* [CP] Check Pods Manifest.lock */,
				DA0FA3011D0C4AA60023F4E4 /* Sources */,
				DA0FA3021D0C4AA60023F4E4 /* Frameworks */,
				DA0FA3031D0C4AA60023F4E4 /* Resources */,
				81637611D5DBE0FE195AEFBF /* [CP] Embed Pods Frameworks */,
				FAA5B6DFE5B1B5054A2A5244 /* [CP] Copy Pods Resources */,
			);
			buildRules = (
			);
			dependencies = (
			);
			name = YoutubeVideos;
			productName = YoutubeVideos;
			productReference = DA0FA3051D0C4AA60023F4E4 /* YoutubeVideos.app */;
			productType = "com.apple.product-type.application";
		};
		DA0FA3181D0C4AA60023F4E4 /* YoutubeVideosTests */ = {
			isa = PBXNativeTarget;
			buildConfigurationList = DA0FA3301D0C4AA60023F4E4 /* Build configuration list for PBXNativeTarget "YoutubeVideosTests" */;
			buildPhases = (
				DA0FA3151D0C4AA60023F4E4 /* Sources */,
				DA0FA3161D0C4AA60023F4E4 /* Frameworks */,
				DA0FA3171D0C4AA60023F4E4 /* Resources */,
			);
			buildRules = (
			);
			dependencies = (
				DA0FA31B1D0C4AA60023F4E4 /* PBXTargetDependency */,
			);
			name = YoutubeVideosTests;
			productName = YoutubeVideosTests;
			productReference = DA0FA3191D0C4AA60023F4E4 /* YoutubeVideosTests.xctest */;
			productType = "com.apple.product-type.bundle.unit-test";
		};
		DA0FA3231D0C4AA60023F4E4 /* YoutubeVideosUITests */ = {
			isa = PBXNativeTarget;
			buildConfigurationList = DA0FA3331D0C4AA60023F4E4 /* Build configuration list for PBXNativeTarget "YoutubeVideosUITests" */;
			buildPhases = (
				DA0FA3201D0C4AA60023F4E4 /* Sources */,
				DA0FA3211D0C4AA60023F4E4 /* Frameworks */,
				DA0FA3221D0C4AA60023F4E4 /* Resources */,
			);
			buildRules = (
			);
			dependencies = (
				DA0FA3261D0C4AA60023F4E4 /* PBXTargetDependency */,
			);
			name = YoutubeVideosUITests;
			productName = YoutubeVideosUITests;
			productReference = DA0FA3241D0C4AA60023F4E4 /* YoutubeVideosUITests.xctest */;
			productType = "com.apple.product-type.bundle.ui-testing";
		};
/* End PBXNativeTarget section */

/* Begin PBXProject section */
		DA0FA2FD1D0C4AA60023F4E4 /* Project object */ = {
			isa = PBXProject;
			attributes = {
				LastSwiftUpdateCheck = 0730;
				LastUpgradeCheck = 0730;
				ORGANIZATIONNAME = "Odu Handson";
				TargetAttributes = {
					DA0FA3041D0C4AA60023F4E4 = {
						CreatedOnToolsVersion = 7.3.1;
						DevelopmentTeam = MYTNAMH6F2;
					};
					DA0FA3181D0C4AA60023F4E4 = {
						CreatedOnToolsVersion = 7.3.1;
						TestTargetID = DA0FA3041D0C4AA60023F4E4;
					};
					DA0FA3231D0C4AA60023F4E4 = {
						CreatedOnToolsVersion = 7.3.1;
						TestTargetID = DA0FA3041D0C4AA60023F4E4;
					};
				};
			};
			buildConfigurationList = DA0FA3001D0C4AA60023F4E4 /* Build configuration list for PBXProject "YoutubeVideos" */;
			compatibilityVersion = "Xcode 3.2";
			developmentRegion = English;
			hasScannedForEncodings = 0;
			knownRegions = (
				en,
				Base,
			);
			mainGroup = DA0FA2FC1D0C4AA60023F4E4;
			productRefGroup = DA0FA3061D0C4AA60023F4E4 /* Products */;
			projectDirPath = "";
			projectRoot = "";
			targets = (
				DA0FA3041D0C4AA60023F4E4 /* YoutubeVideos */,
				DA0FA3181D0C4AA60023F4E4 /* YoutubeVideosTests */,
				DA0FA3231D0C4AA60023F4E4 /* YoutubeVideosUITests */,
			);
		};
/* End PBXProject section */

/* Begin PBXResourcesBuildPhase section */
		DA0FA3031D0C4AA60023F4E4 /* Resources */ = {
			isa = PBXResourcesBuildPhase;
			buildActionMask = 2147483647;
			files = (
				DA0FA3131D0C4AA60023F4E4 /* LaunchScreen.storyboard in Resources */,
				DA0FA3101D0C4AA60023F4E4 /* Assets.xcassets in Resources */,
				DA0FA33C1D0E44350023F4E4 /* PopOverView.xib in Resources */,
				DAEFD5381D0E53BB00435ADF /* Main.storyboard in Resources */,
			);
			runOnlyForDeploymentPostprocessing = 0;
		};
		DA0FA3171D0C4AA60023F4E4 /* Resources */ = {
			isa = PBXResourcesBuildPhase;
			buildActionMask = 2147483647;
			files = (
			);
			runOnlyForDeploymentPostprocessing = 0;
		};
		DA0FA3221D0C4AA60023F4E4 /* Resources */ = {
			isa = PBXResourcesBuildPhase;
			buildActionMask = 2147483647;
			files = (
			);
			runOnlyForDeploymentPostprocessing = 0;
		};
/* End PBXResourcesBuildPhase section */

/* Begin PBXShellScriptBuildPhase section */
		48E0046FD21211946D4C47C1 /* [CP] Check Pods Manifest.lock */ = {
			isa = PBXShellScriptBuildPhase;
			buildActionMask = 2147483647;
			files = (
			);
			inputPaths = (
			);
			name = "[CP] Check Pods Manifest.lock";
			outputPaths = (
			);
			runOnlyForDeploymentPostprocessing = 0;
			shellPath = /bin/sh;
			shellScript = "diff \"${PODS_ROOT}/../Podfile.lock\" \"${PODS_ROOT}/Manifest.lock\" > /dev/null\nif [[ $? != 0 ]] ; then\n    cat << EOM\nerror: The sandbox is not in sync with the Podfile.lock. Run 'pod install' or update your CocoaPods installation.\nEOM\n    exit 1\nfi\n";
			showEnvVarsInLog = 0;
		};
		81637611D5DBE0FE195AEFBF /* [CP] Embed Pods Frameworks */ = {
			isa = PBXShellScriptBuildPhase;
			buildActionMask = 2147483647;
			files = (
			);
			inputPaths = (
			);
			name = "[CP] Embed Pods Frameworks";
			outputPaths = (
			);
			runOnlyForDeploymentPostprocessing = 0;
			shellPath = /bin/sh;
			shellScript = "\"${SRCROOT}/Pods/Target Support Files/Pods-YoutubeVideos/Pods-YoutubeVideos-frameworks.sh\"\n";
			showEnvVarsInLog = 0;
		};
		FAA5B6DFE5B1B5054A2A5244 /* [CP] Copy Pods Resources */ = {
			isa = PBXShellScriptBuildPhase;
			buildActionMask = 2147483647;
			files = (
			);
			inputPaths = (
			);
			name = "[CP] Copy Pods Resources";
			outputPaths = (
			);
			runOnlyForDeploymentPostprocessing = 0;
			shellPath = /bin/sh;
			shellScript = "\"${SRCROOT}/Pods/Target Support Files/Pods-YoutubeVideos/Pods-YoutubeVideos-resources.sh\"\n";
			showEnvVarsInLog = 0;
		};
/* End PBXShellScriptBuildPhase section */

/* Begin PBXSourcesBuildPhase section */
		DA0FA3011D0C4AA60023F4E4 /* Sources */ = {
			isa = PBXSourcesBuildPhase;
			buildActionMask = 2147483647;
			files = (
				DA41E7A11D0CA18C00905675 /* VideoTableViewController.swift in Sources */,
				DA41E7AB1D0E03FE00905675 /* VideoModel.swift in Sources */,
				DA41E7A71D0CB19400905675 /* VideoTableViewCell.swift in Sources */,
				DA41E7A91D0DF5A900905675 /* NetworkManager.swift in Sources */,
				DA0FA3091D0C4AA60023F4E4 /* AppDelegate.swift in Sources */,
				DA0FA33E1D0E4BBA0023F4E4 /* SortTableViewController.swift in Sources */,
				DA0FA33A1D0E3D2F0023F4E4 /* Utils.swift in Sources */,
			);
			runOnlyForDeploymentPostprocessing = 0;
		};
		DA0FA3151D0C4AA60023F4E4 /* Sources */ = {
			isa = PBXSourcesBuildPhase;
			buildActionMask = 2147483647;
			files = (
				DA0FA31E1D0C4AA60023F4E4 /* YoutubeVideosTests.swift in Sources */,
			);
			runOnlyForDeploymentPostprocessing = 0;
		};
		DA0FA3201D0C4AA60023F4E4 /* Sources */ = {
			isa = PBXSourcesBuildPhase;
			buildActionMask = 2147483647;
			files = (
				DA0FA3291D0C4AA60023F4E4 /* YoutubeVideosUITests.swift in Sources */,
			);
			runOnlyForDeploymentPostprocessing = 0;
		};
/* End PBXSourcesBuildPhase section */

/* Begin PBXTargetDependency section */
		DA0FA31B1D0C4AA60023F4E4 /* PBXTargetDependency */ = {
			isa = PBXTargetDependency;
			target = DA0FA3041D0C4AA60023F4E4 /* YoutubeVideos */;
			targetProxy = DA0FA31A1D0C4AA60023F4E4 /* PBXContainerItemProxy */;
		};
		DA0FA3261D0C4AA60023F4E4 /* PBXTargetDependency */ = {
			isa = PBXTargetDependency;
			target = DA0FA3041D0C4AA60023F4E4 /* YoutubeVideos */;
			targetProxy = DA0FA3251D0C4AA60023F4E4 /* PBXContainerItemProxy */;
		};
/* End PBXTargetDependency section */

/* Begin PBXVariantGroup section */
		DA0FA3111D0C4AA60023F4E4 /* LaunchScreen.storyboard */ = {
			isa = PBXVariantGroup;
			children = (
				DA0FA3121D0C4AA60023F4E4 /* Base */,
			);
			name = LaunchScreen.storyboard;
			sourceTree = "<group>";
		};
		DAEFD5361D0E53BB00435ADF /* Main.storyboard */ = {
			isa = PBXVariantGroup;
			children = (
				DAEFD5371D0E53BB00435ADF /* Base */,
			);
			name = Main.storyboard;
			sourceTree = "<group>";
		};
/* End PBXVariantGroup section */

/* Begin XCBuildConfiguration section */
		DA0FA32B1D0C4AA60023F4E4 /* Debug */ = {
			isa = XCBuildConfiguration;
			buildSettings = {
				ALWAYS_SEARCH_USER_PATHS = NO;
				CLANG_ANALYZER_NONNULL = YES;
				CLANG_CXX_LANGUAGE_STANDARD = "gnu++0x";
				CLANG_CXX_LIBRARY = "libc++";
				CLANG_ENABLE_MODULES = YES;
				CLANG_ENABLE_OBJC_ARC = YES;
				CLANG_WARN_BOOL_CONVERSION = YES;
				CLANG_WARN_CONSTANT_CONVERSION = YES;
				CLANG_WARN_DIRECT_OBJC_ISA_USAGE = YES_ERROR;
				CLANG_WARN_EMPTY_BODY = YES;
				CLANG_WARN_ENUM_CONVERSION = YES;
				CLANG_WARN_INT_CONVERSION = YES;
				CLANG_WARN_OBJC_ROOT_CLASS = YES_ERROR;
				CLANG_WARN_UNREACHABLE_CODE = YES;
				CLANG_WARN__DUPLICATE_METHOD_MATCH = YES;
				"CODE_SIGN_IDENTITY[sdk=iphoneos*]" = "iPhone Developer";
				COPY_PHASE_STRIP = NO;
				DEBUG_INFORMATION_FORMAT = dwarf;
				ENABLE_STRICT_OBJC_MSGSEND = YES;
				ENABLE_TESTABILITY = YES;
				GCC_C_LANGUAGE_STANDARD = gnu99;
				GCC_DYNAMIC_NO_PIC = NO;
				GCC_NO_COMMON_BLOCKS = YES;
				GCC_OPTIMIZATION_LEVEL = 0;
				GCC_PREPROCESSOR_DEFINITIONS = (
					"DEBUG=1",
					"$(inherited)",
				);
				GCC_WARN_64_TO_32_BIT_CONVERSION = YES;
				GCC_WARN_ABOUT_RETURN_TYPE = YES_ERROR;
				GCC_WARN_UNDECLARED_SELECTOR = YES;
				GCC_WARN_UNINITIALIZED_AUTOS = YES_AGGRESSIVE;
				GCC_WARN_UNUSED_FUNCTION = YES;
				GCC_WARN_UNUSED_VARIABLE = YES;
				IPHONEOS_DEPLOYMENT_TARGET = 9.3;
				MTL_ENABLE_DEBUG_INFO = YES;
				ONLY_ACTIVE_ARCH = YES;
				SDKROOT = iphoneos;
				SWIFT_OPTIMIZATION_LEVEL = "-Onone";
			};
			name = Debug;
		};
		DA0FA32C1D0C4AA60023F4E4 /* Release */ = {
			isa = XCBuildConfiguration;
			buildSettings = {
				ALWAYS_SEARCH_USER_PATHS = NO;
				CLANG_ANALYZER_NONNULL = YES;
				CLANG_CXX_LANGUAGE_STANDARD = "gnu++0x";
				CLANG_CXX_LIBRARY = "libc++";
				CLANG_ENABLE_MODULES = YES;
				CLANG_ENABLE_OBJC_ARC = YES;
				CLANG_WARN_BOOL_CONVERSION = YES;
				CLANG_WARN_CONSTANT_CONVERSION = YES;
				CLANG_WARN_DIRECT_OBJC_ISA_USAGE = YES_ERROR;
				CLANG_WARN_EMPTY_BODY = YES;
				CLANG_WARN_ENUM_CONVERSION = YES;
				CLANG_WARN_INT_CONVERSION = YES;
				CLANG_WARN_OBJC_ROOT_CLASS = YES_ERROR;
				CLANG_WARN_UNREACHABLE_CODE = YES;
				CLANG_WARN__DUPLICATE_METHOD_MATCH = YES;
				"CODE_SIGN_IDENTITY[sdk=iphoneos*]" = "iPhone Developer";
				COPY_PHASE_STRIP = NO;
				DEBUG_INFORMATION_FORMAT = "dwarf-with-dsym";
				ENABLE_NS_ASSERTIONS = NO;
				ENABLE_STRICT_OBJC_MSGSEND = YES;
				GCC_C_LANGUAGE_STANDARD = gnu99;
				GCC_NO_COMMON_BLOCKS = YES;
				GCC_WARN_64_TO_32_BIT_CONVERSION = YES;
				GCC_WARN_ABOUT_RETURN_TYPE = YES_ERROR;
				GCC_WARN_UNDECLARED_SELECTOR = YES;
				GCC_WARN_UNINITIALIZED_AUTOS = YES_AGGRESSIVE;
				GCC_WARN_UNUSED_FUNCTION = YES;
				GCC_WARN_UNUSED_VARIABLE = YES;
				IPHONEOS_DEPLOYMENT_TARGET = 9.3;
				MTL_ENABLE_DEBUG_INFO = NO;
				SDKROOT = iphoneos;
				VALIDATE_PRODUCT = YES;
			};
			name = Release;
		};
		DA0FA32E1D0C4AA60023F4E4 /* Debug */ = {
			isa = XCBuildConfiguration;
			baseConfigurationReference = 69EF6F2764680558F706033A /* Pods-YoutubeVideos.debug.xcconfig */;
			buildSettings = {
				ASSETCATALOG_COMPILER_APPICON_NAME = AppIcon;
				CODE_SIGN_IDENTITY = "";
				"CODE_SIGN_IDENTITY[sdk=iphoneos*]" = "iPhone Developer";
				DEVELOPMENT_TEAM = MYTNAMH6F2;
				INFOPLIST_FILE = YoutubeVideos/Info.plist;
				IPHONEOS_DEPLOYMENT_TARGET = 8.0;
				LD_RUNPATH_SEARCH_PATHS = "$(inherited) @executable_path/Frameworks";
				PRODUCT_BUNDLE_IDENTIFIER = com.handson.YoutubeVideos;
				PRODUCT_NAME = "$(TARGET_NAME)";
				PROVISIONING_PROFILE = "";
				SWIFT_OBJC_BRIDGING_HEADER = "";
			};
			name = Debug;
		};
		DA0FA32F1D0C4AA60023F4E4 /* Release */ = {
			isa = XCBuildConfiguration;
			baseConfigurationReference = 66727D11ACF0534E85D3D56E /* Pods-YoutubeVideos.release.xcconfig */;
			buildSettings = {
				ASSETCATALOG_COMPILER_APPICON_NAME = AppIcon;
				CODE_SIGN_IDENTITY = "";
				"CODE_SIGN_IDENTITY[sdk=iphoneos*]" = "iPhone Developer";
				DEVELOPMENT_TEAM = MYTNAMH6F2;
				INFOPLIST_FILE = YoutubeVideos/Info.plist;
				IPHONEOS_DEPLOYMENT_TARGET = 8.0;
				LD_RUNPATH_SEARCH_PATHS = "$(inherited) @executable_path/Frameworks";
				PRODUCT_BUNDLE_IDENTIFIER = com.handson.YoutubeVideos;
				PRODUCT_NAME = "$(TARGET_NAME)";
				PROVISIONING_PROFILE = "";
				SWIFT_OBJC_BRIDGING_HEADER = "";
			};
			name = Release;
		};
		DA0FA3311D0C4AA60023F4E4 /* Debug */ = {
			isa = XCBuildConfiguration;
			buildSettings = {
				BUNDLE_LOADER = "$(TEST_HOST)";
				INFOPLIST_FILE = YoutubeVideosTests/Info.plist;
				LD_RUNPATH_SEARCH_PATHS = "$(inherited) @executable_path/Frameworks @loader_path/Frameworks";
				PRODUCT_BUNDLE_IDENTIFIER = com.handson.YoutubeVideosTests;
				PRODUCT_NAME = "$(TARGET_NAME)";
				TEST_HOST = "$(BUILT_PRODUCTS_DIR)/YoutubeVideos.app/YoutubeVideos";
			};
			name = Debug;
		};
		DA0FA3321D0C4AA60023F4E4 /* Release */ = {
			isa = XCBuildConfiguration;
			buildSettings = {
				BUNDLE_LOADER = "$(TEST_HOST)";
				INFOPLIST_FILE = YoutubeVideosTests/Info.plist;
				LD_RUNPATH_SEARCH_PATHS = "$(inherited) @executable_path/Frameworks @loader_path/Frameworks";
				PRODUCT_BUNDLE_IDENTIFIER = com.handson.YoutubeVideosTests;
				PRODUCT_NAME = "$(TARGET_NAME)";
				TEST_HOST = "$(BUILT_PRODUCTS_DIR)/YoutubeVideos.app/YoutubeVideos";
			};
			name = Release;
		};
		DA0FA3341D0C4AA60023F4E4 /* Debug */ = {
			isa = XCBuildConfiguration;
			buildSettings = {
				INFOPLIST_FILE = YoutubeVideosUITests/Info.plist;
				LD_RUNPATH_SEARCH_PATHS = "$(inherited) @executable_path/Frameworks @loader_path/Frameworks";
				PRODUCT_BUNDLE_IDENTIFIER = com.handson.YoutubeVideosUITests;
				PRODUCT_NAME = "$(TARGET_NAME)";
				TEST_TARGET_NAME = YoutubeVideos;
			};
			name = Debug;
		};
		DA0FA3351D0C4AA60023F4E4 /* Release */ = {
			isa = XCBuildConfiguration;
			buildSettings = {
				INFOPLIST_FILE = YoutubeVideosUITests/Info.plist;
				LD_RUNPATH_SEARCH_PATHS = "$(inherited) @executable_path/Frameworks @loader_path/Frameworks";
				PRODUCT_BUNDLE_IDENTIFIER = com.handson.YoutubeVideosUITests;
				PRODUCT_NAME = "$(TARGET_NAME)";
				TEST_TARGET_NAME = YoutubeVideos;
			};
			name = Release;
		};
/* End XCBuildConfiguration section */

/* Begin XCConfigurationList section */
		DA0FA3001D0C4AA60023F4E4 /* Build configuration list for PBXProject "YoutubeVideos" */ = {
			isa = XCConfigurationList;
			buildConfigurations = (
				DA0FA32B1D0C4AA60023F4E4 /* Debug */,
				DA0FA32C1D0C4AA60023F4E4 /* Release */,
			);
			defaultConfigurationIsVisible = 0;
			defaultConfigurationName = Release;
		};
		DA0FA32D1D0C4AA60023F4E4 /* Build configuration list for PBXNativeTarget "YoutubeVideos" */ = {
			isa = XCConfigurationList;
			buildConfigurations = (
				DA0FA32E1D0C4AA60023F4E4 /* Debug */,
				DA0FA32F1D0C4AA60023F4E4 /* Release */,
			);
			defaultConfigurationIsVisible = 0;
			defaultConfigurationName = Release;
		};
		DA0FA3301D0C4AA60023F4E4 /* Build configuration list for PBXNativeTarget "YoutubeVideosTests" */ = {
			isa = XCConfigurationList;
			buildConfigurations = (
				DA0FA3311D0C4AA60023F4E4 /* Debug */,
				DA0FA3321D0C4AA60023F4E4 /* Release */,
			);
			defaultConfigurationIsVisible = 0;
			defaultConfigurationName = Release;
		};
		DA0FA3331D0C4AA60023F4E4 /* Build configuration list for PBXNativeTarget "YoutubeVideosUITests" */ = {
			isa = XCConfigurationList;
			buildConfigurations = (
				DA0FA3341D0C4AA60023F4E4 /* Debug */,
				DA0FA3351D0C4AA60023F4E4 /* Release */,
			);
			defaultConfigurationIsVisible = 0;
			defaultConfigurationName = Release;
		};
/* End XCConfigurationList section */
	};
	rootObject = DA0FA2FD1D0C4AA60023F4E4 /* Project object */;
}
